
Microsoft Visual Studio Solution File, Format Version 12.00
# Visual Studio Version 17
VisualStudioVersion = 17.6.33723.286
MinimumVisualStudioVersion = 10.0.40219.1
Project("{888888A0-9F3D-457C-B088-3A5042F75D52}") = "mp1_madeja_simpsons_one_third_rule", "mp1_madeja_simpsons_one_third_rule\mp1_madeja_simpsons_one_third_rule.pyproj", "{7428AA21-2DFC-4826-BF35-1B12FE1B90FE}"
EndProject
Global
	GlobalSection(SolutionConfigurationPlatforms) = preSolution
		Debug|Any CPU = Debug|Any CPU
		Release|Any CPU = Release|Any CPU
	EndGlobalSection
	GlobalSection(ProjectConfigurationPlatforms) = postSolution
		{7428AA21-2DFC-4826-BF35-1B12FE1B90FE}.Debug|Any CPU.ActiveCfg = Debug|Any CPU
		{7428AA21-2DFC-4826-BF35-1B12FE1B90FE}.Release|Any CPU.ActiveCfg = Release|Any CPU
	EndGlobalSection
	GlobalSection(SolutionProperties) = preSolution
		HideSolutionNode = FALSE
	EndGlobalSection
	GlobalSection(ExtensibilityGlobals) = postSolution
		SolutionGuid = {62C382FE-2F55-47CB-9C94-7E0A340ED8B2}
	EndGlobalSection
EndGlobal
